
Microsoft Visual Studio Solution File, Format Version 12.00
# Visual Studio 15
Project("{FAE04EC0-301F-11D3-BF4B-00C04F79EFBC}") = "Assembly-CSharp-firstpass", "Assembly-CSharp-firstpass.csproj", "{D7309667-006D-D114-A04C-3CBFC0B6F8CD}"
EndProject
Project("{FAE04EC0-301F-11D3-BF4B-00C04F79EFBC}") = "Assembly-CSharp", "Assembly-CSharp.csproj", "{0767B023-FA38-6AC4-1C9F-2E0A05AEA1A5}"
EndProject
Project("{FAE04EC0-301F-11D3-BF4B-00C04F79EFBC}") = "Assembly-CSharp-Editor-firstpass", "Assembly-CSharp-Editor-firstpass.csproj", "{F6DB684D-839B-5410-87B2-CAAA2D31D455}"
EndProject
Global
	GlobalSection(SolutionConfigurationPlatforms) = preSolution
		Debug|Any CPU = Debug|Any CPU
		Release|Any CPU = Release|Any CPU
	EndGlobalSection
	GlobalSection(ProjectConfigurationPlatforms) = postSolution
		{D7309667-006D-D114-A04C-3CBFC0B6F8CD}.Debug|Any CPU.ActiveCfg = Debug|Any CPU
		{D7309667-006D-D114-A04C-3CBFC0B6F8CD}.Debug|Any CPU.Build.0 = Debug|Any CPU
		{D7309667-006D-D114-A04C-3CBFC0B6F8CD}.Release|Any CPU.ActiveCfg = Release|Any CPU
		{D7309667-006D-D114-A04C-3CBFC0B6F8CD}.Release|Any CPU.Build.0 = Release|Any CPU
		{0767B023-FA38-6AC4-1C9F-2E0A05AEA1A5}.Debug|Any CPU.ActiveCfg = Debug|Any CPU
		{0767B023-FA38-6AC4-1C9F-2E0A05AEA1A5}.Debug|Any CPU.Build.0 = Debug|Any CPU
		{0767B023-FA38-6AC4-1C9F-2E0A05AEA1A5}.Release|Any CPU.ActiveCfg = Release|Any CPU
		{0767B023-FA38-6AC4-1C9F-2E0A05AEA1A5}.Release|Any CPU.Build.0 = Release|Any CPU
		{F6DB684D-839B-5410-87B2-CAAA2D31D455}.Debug|Any CPU.ActiveCfg = Debug|Any CPU
		{F6DB684D-839B-5410-87B2-CAAA2D31D455}.Debug|Any CPU.Build.0 = Debug|Any CPU
		{F6DB684D-839B-5410-87B2-CAAA2D31D455}.Release|Any CPU.ActiveCfg = Release|Any CPU
		{F6DB684D-839B-5410-87B2-CAAA2D31D455}.Release|Any CPU.Build.0 = Release|Any CPU
	EndGlobalSection
	GlobalSection(SolutionProperties) = preSolution
		HideSolutionNode = FALSE
	EndGlobalSection
EndGlobal
